# THIS IS AN AUTOGENERATED FILE. DO NOT EDIT THIS FILE DIRECTLY.
# yarn lockfile v1


"@mapbox/geojson-area@0.2.2":
  version "0.2.2"
  resolved "https://registry.yarnpkg.com/@mapbox/geojson-area/-/geojson-area-0.2.2.tgz#18d7814aa36bf23fbbcc379f8e26a22927debf10"
  integrity sha1-GNeBSqNr8j+7zDefjiaiKSfevxA=
  dependencies:
    wgs84 "0.0.0"

"@mapbox/geojson-rewind@^0.4.0":
  version "0.4.0"
  resolved "https://registry.yarnpkg.com/@mapbox/geojson-rewind/-/geojson-rewind-0.4.0.tgz#0d3632d4c1b4a928cf10a06ade387e1c8a8c181b"
  integrity sha512-b+1uPWBERW4Pet/969BNu61ZPDyH2ilIxBjJDFzxyS9TyszF9UrTQyYIl/G38clux3rtpAGGFSGTCSF/qR6UjA==
  dependencies:
    "@mapbox/geojson-area" "0.2.2"
    concat-stream "~1.6.0"
    minimist "1.2.0"
    sharkdown "^0.1.0"

"@mapbox/geojson-types@^1.0.2":
  version "1.0.2"
  resolved "https://registry.yarnpkg.com/@mapbox/geojson-types/-/geojson-types-1.0.2.tgz#9aecf642cb00eab1080a57c4f949a65b4a5846d6"
  integrity sha512-e9EBqHHv3EORHrSfbR9DqecPNn+AmuAoQxV6aL8Xu30bJMJR1o8PZLZzpk1Wq7/NfCbuhmakHTPYRhoqLsXRnw==

"@mapbox/jsonlint-lines-primitives@^2.0.2":
  version "2.0.2"
  resolved "https://registry.yarnpkg.com/@mapbox/jsonlint-lines-primitives/-/jsonlint-lines-primitives-2.0.2.tgz#ce56e539f83552b58d10d672ea4d6fc9adc7b234"
  integrity sha1-zlblOfg1UrWNENZy6k1vya3HsjQ=

"@mapbox/mapbox-gl-supported@^1.4.0":
  version "1.4.1"
  resolved "https://registry.yarnpkg.com/@mapbox/mapbox-gl-supported/-/mapbox-gl-supported-1.4.1.tgz#c0a03cf75f8b0ad7b57849d6c7e91b0aec4b640f"
  integrity sha512-yyKza9S6z3ELKuf6w5n6VNUB0Osu6Z93RXPfMHLIlNWohu3KqxewLOq4lMXseYJ92GwkRAxd207Pr/Z98cwmvw==

"@mapbox/point-geometry@0.1.0", "@mapbox/point-geometry@^0.1.0", "@mapbox/point-geometry@~0.1.0":
  version "0.1.0"
  resolved "https://registry.yarnpkg.com/@mapbox/point-geometry/-/point-geometry-0.1.0.tgz#8a83f9335c7860effa2eeeca254332aa0aeed8f2"
  integrity sha1-ioP5M1x4YO/6Lu7KJUMyqgru2PI=

"@mapbox/tiny-sdf@^1.1.0":
  version "1.1.1"
  resolved "https://registry.yarnpkg.com/@mapbox/tiny-sdf/-/tiny-sdf-1.1.1.tgz#16a20c470741bfe9191deb336f46e194da4a91ff"
  integrity sha512-Ihn1nZcGIswJ5XGbgFAvVumOgWpvIjBX9jiRlIl46uQG9vJOF51ViBYHF95rEZupuyQbEmhLaDPLQlU7fUTsBg==

"@mapbox/unitbezier@^0.0.0":
  version "0.0.0"
  resolved "https://registry.yarnpkg.com/@mapbox/unitbezier/-/unitbezier-0.0.0.tgz#15651bd553a67b8581fb398810c98ad86a34524e"
  integrity sha1-FWUb1VOme4WB+zmIEMmK2Go0Uk4=

"@mapbox/vector-tile@^1.3.1":
  version "1.3.1"
  resolved "https://registry.yarnpkg.com/@mapbox/vector-tile/-/vector-tile-1.3.1.tgz#d3a74c90402d06e89ec66de49ec817ff53409666"
  integrity sha512-MCEddb8u44/xfQ3oD+Srl/tNcQoqTw3goGk2oLsrFxOTc3dUp+kAnby3PvAeeBYSMSjSPD1nd1AJA6W49WnoUw==
  dependencies:
    "@mapbox/point-geometry" "~0.1.0"

"@mapbox/whoots-js@^3.1.0":
  version "3.1.0"
  resolved "https://registry.yarnpkg.com/@mapbox/whoots-js/-/whoots-js-3.1.0.tgz#497c67a1cef50d1a2459ba60f315e448d2ad87fe"
  integrity sha512-Es6WcD0nO5l+2BOQS4uLfNPYQaNDfbot3X1XUoloz+x0mPDS3eeORZJl06HXjwBG1fOGwCRnzK88LMdxKRrd6Q==

agentkeepalive@^2.2.0:
  version "2.2.0"
  resolved "https://registry.yarnpkg.com/agentkeepalive/-/agentkeepalive-2.2.0.tgz#c5d1bd4b129008f1163f236f86e5faea2026e2ef"
  integrity sha1-xdG9SxKQCPEWPyNvhuX66iAm4u8=

algolia-aerial@^1.5.3:
  version "1.5.3"
  resolved "https://registry.yarnpkg.com/algolia-aerial/-/algolia-aerial-1.5.3.tgz#c8b8ca6bc484164ffc7b36717689a424ea6bfe6c"
  integrity sha512-LZTpVlYnhqNFd+ru/Spm73omhsagiRQLmjrosa5bJ6/I9OMRp4Sb9pYZkAxcx3RSr+ZNXZqthL7rpXqMFdrnPA==

algoliasearch@^3.31.0:
  version "3.33.0"
  resolved "https://registry.yarnpkg.com/algoliasearch/-/algoliasearch-3.33.0.tgz#83b541124ebb0db54643009d4e660866b3177cdf"
  integrity sha512-9DaVmOd7cvcZeYyV0BWAeJHVWJmgOL2DNUEBY/DTR4MzD1wCWs4Djl7LAlfvkGwGBdRHZCG+l0HA1572w3T8zg==
  dependencies:
    agentkeepalive "^2.2.0"
    debug "^2.6.9"
    envify "^4.0.0"
    es6-promise "^4.1.0"
    events "^1.1.0"
    foreach "^2.0.5"
    global "^4.3.2"
    inherits "^2.0.1"
    isarray "^2.0.1"
    load-script "^1.0.0"
    object-keys "^1.0.11"
    querystring-es3 "^0.2.1"
    reduce "^1.0.1"
    semver "^5.1.0"
    tunnel-agent "^0.6.0"

ansicolors@~0.2.1:
  version "0.2.1"
  resolved "https://registry.yarnpkg.com/ansicolors/-/ansicolors-0.2.1.tgz#be089599097b74a5c9c4a84a0cdbcdb62bd87aef"
  integrity sha1-vgiVmQl7dKXJxKhKDNvNtivYeu8=

autocomplete.js@^0.36.0:
  version "0.36.0"
  resolved "https://registry.yarnpkg.com/autocomplete.js/-/autocomplete.js-0.36.0.tgz#94fe775fe64b6cd42e622d076dc7fd26bedd837b"
  integrity sha512-jEwUXnVMeCHHutUt10i/8ZiRaCb0Wo+ZyKxeGsYwBDtw6EJHqEeDrq4UwZRD8YBSvp3g6klP678il2eeiVXN2Q==
  dependencies:
    immediate "^3.2.3"

bootstrap@^4.3.1:
  version "4.3.1"
  resolved "https://registry.yarnpkg.com/bootstrap/-/bootstrap-4.3.1.tgz#280ca8f610504d99d7b6b4bfc4b68cec601704ac"
  integrity sha512-rXqOmH1VilAt2DyPzluTi2blhk17bO7ef+zLLPlWvG494pDxcM234pJ8wTc/6R40UWizAIIMgxjvxZg5kmsbag==

buffer-from@^1.0.0:
  version "1.1.1"
  resolved "https://registry.yarnpkg.com/buffer-from/-/buffer-from-1.1.1.tgz#32713bc028f75c02fdb710d7c7bcec1f2c6070ef"
  integrity sha512-MQcXEUbCKtEo7bhqEs6560Hyd4XaovZlO/k9V3hjVUF/zwW7KBVdSK4gIt/bzwS9MbR5qob+F5jusZsb0YQK2A==

cardinal@~0.4.2:
  version "0.4.4"
  resolved "https://registry.yarnpkg.com/cardinal/-/cardinal-0.4.4.tgz#ca5bb68a5b511b90fe93b9acea49bdee5c32bfe2"
  integrity sha1-ylu2iltRG5D+k7ms6km97lwyv+I=
  dependencies:
    ansicolors "~0.2.1"
    redeyed "~0.4.0"

concat-stream@~1.6.0:
  version "1.6.2"
  resolved "https://registry.yarnpkg.com/concat-stream/-/concat-stream-1.6.2.tgz#904bdf194cd3122fc675c77fc4ac3d4ff0fd1a34"
  integrity sha512-27HBghJxjiZtIk3Ycvn/4kbJk/1uZuJFfuPEns6LaEvpvG1f0hTea8lilrouyo9mVc2GWdcEZ8OLoGmSADlrCw==
  dependencies:
    buffer-from "^1.0.0"
    inherits "^2.0.3"
    readable-stream "^2.2.2"
    typedarray "^0.0.6"

core-util-is@~1.0.0:
  version "1.0.2"
  resolved "https://registry.yarnpkg.com/core-util-is/-/core-util-is-1.0.2.tgz#b5fd54220aa2bc5ab57aab7140c940754503c1a7"
  integrity sha1-tf1UIgqivFq1eqtxQMlAdUUDwac=

csscolorparser@~1.0.2:
  version "1.0.3"
  resolved "https://registry.yarnpkg.com/csscolorparser/-/csscolorparser-1.0.3.tgz#b34f391eea4da8f3e98231e2ccd8df9c041f171b"
  integrity sha1-s085HupNqPPpgjHizNjfnAQfFxs=

debug@^2.6.9:
  version "2.6.9"
  resolved "https://registry.yarnpkg.com/debug/-/debug-2.6.9.tgz#5d128515df134ff327e90a4c93f4e077a536341f"
  integrity sha512-bC7ElrdJaJnPbAP+1EotYvqZsb3ecl5wi6Bfi6BJTUcNowp6cvspg0jXznRTKDjm/E7AdgFBVeAPVMNcKGsHMA==
  dependencies:
    ms "2.0.0"

dom-walk@^0.1.0:
  version "0.1.1"
  resolved "https://registry.yarnpkg.com/dom-walk/-/dom-walk-0.1.1.tgz#672226dc74c8f799ad35307df936aba11acd6018"
  integrity sha1-ZyIm3HTI95mtNTB9+TaroRrNYBg=

earcut@^2.1.5:
  version "2.1.5"
  resolved "https://registry.yarnpkg.com/earcut/-/earcut-2.1.5.tgz#829280a9a3a0f5fee0529f0a47c3e4eff09b21e4"
  integrity sha512-QFWC7ywTVLtvRAJTVp8ugsuuGQ5mVqNmJ1cRYeLrSHgP3nycr2RHTJob9OtM0v8ujuoKN0NY1a93J/omeTL1PA==

envify@^4.0.0:
  version "4.1.0"
  resolved "https://registry.yarnpkg.com/envify/-/envify-4.1.0.tgz#f39ad3db9d6801b4e6b478b61028d3f0b6819f7e"
  integrity sha512-IKRVVoAYr4pIx4yIWNsz9mOsboxlNXiu7TNBnem/K/uTHdkyzXWDzHCK7UTolqBbgaBz0tQHsD3YNls0uIIjiw==
  dependencies:
    esprima "^4.0.0"
    through "~2.3.4"

es6-promise@^4.1.0:
  version "4.2.8"
  resolved "https://registry.yarnpkg.com/es6-promise/-/es6-promise-4.2.8.tgz#4eb21594c972bc40553d276e510539143db53e0a"
  integrity sha512-HJDGx5daxeIvxdBxvG2cb9g4tEvwIk3i8+nhX0yGrYmZUzbkdg8QbDevheDB8gd0//uPj4c1EQua8Q+MViT0/w==

esm@~3.0.84:
  version "3.0.84"
  resolved "https://registry.yarnpkg.com/esm/-/esm-3.0.84.tgz#bb108989f4673b32d4f62406869c28eed3815a63"
  integrity sha512-SzSGoZc17S7P+12R9cg21Bdb7eybX25RnIeRZ80xZs+VZ3kdQKzqTp2k4hZJjR7p9l0186TTXSgrxzlMDBktlw==

esprima@^4.0.0:
  version "4.0.1"
  resolved "https://registry.yarnpkg.com/esprima/-/esprima-4.0.1.tgz#13b04cdb3e6c5d19df91ab6987a8695619b0aa71"
  integrity sha512-eGuFFw7Upda+g4p+QHvnW0RyTX/SVeJBDM/gCtMARO0cLuT2HcEKnTPvhjV6aGeqrCB/sbNop0Kszm0jsaWU4A==

esprima@~1.0.4:
  version "1.0.4"
  resolved "https://registry.yarnpkg.com/esprima/-/esprima-1.0.4.tgz#9f557e08fc3b4d26ece9dd34f8fbf476b62585ad"
  integrity sha1-n1V+CPw7TSbs6d00+Pv0drYlha0=

events@^1.1.0:
  version "1.1.1"
  resolved "https://registry.yarnpkg.com/events/-/events-1.1.1.tgz#9ebdb7635ad099c70dcc4c2a1f5004288e8bd924"
  integrity sha1-nr23Y1rQmccNzEwqH1AEKI6L2SQ=

events@^3.0.0:
  version "3.0.0"
  resolved "https://registry.yarnpkg.com/events/-/events-3.0.0.tgz#9a0a0dfaf62893d92b875b8f2698ca4114973e88"
  integrity sha512-Dc381HFWJzEOhQ+d8pkNon++bk9h6cdAoAj4iE6Q4y6xgTzySWXlKn05/TVNpjnfRqi/X0EpJEJohPjNI3zpVA==

foreach@^2.0.5:
  version "2.0.5"
  resolved "https://registry.yarnpkg.com/foreach/-/foreach-2.0.5.tgz#0bee005018aeb260d0a3af3ae658dd0136ec1b99"
  integrity sha1-C+4AUBiusmDQo6865ljdATbsG5k=

geojson-vt@^3.2.1:
  version "3.2.1"
  resolved "https://registry.yarnpkg.com/geojson-vt/-/geojson-vt-3.2.1.tgz#f8adb614d2c1d3f6ee7c4265cad4bbf3ad60c8b7"
  integrity sha512-EvGQQi/zPrDA6zr6BnJD/YhwAkBP8nnJ9emh3EnHQKVMfg/MRVtPbMYdgVy/IaEmn4UfagD2a6fafPDL5hbtwg==

gl-matrix@^3.0.0:
  version "3.1.0"
  resolved "https://registry.yarnpkg.com/gl-matrix/-/gl-matrix-3.1.0.tgz#f5b2de17d8fed95a79e5025b10cded0ab9ccbed0"
  integrity sha512-526NA+3EA+ztAQi0IZpSWiM0fyQXIp7IbRvfJ4wS/TjjQD0uv0fVybXwwqqSOlq33UckivI0yMDlVtboWm3k7A==

global@^4.3.2:
  version "4.4.0"
  resolved "https://registry.yarnpkg.com/global/-/global-4.4.0.tgz#3e7b105179006a323ed71aafca3e9c57a5cc6406"
  integrity sha512-wv/LAoHdRE3BeTGz53FAamhGlPLhlssK45usmGFThIi4XqnBmjKQ16u+RNbP7WvigRZDxUsM0J3gcQ5yicaL0w==
  dependencies:
    min-document "^2.19.0"
    process "^0.11.10"

grid-index@^1.1.0:
  version "1.1.0"
  resolved "https://registry.yarnpkg.com/grid-index/-/grid-index-1.1.0.tgz#97f8221edec1026c8377b86446a7c71e79522ea7"
  integrity sha512-HZRwumpOGUrHyxO5bqKZL0B0GlUpwtCAzZ42sgxUPniu33R1LSFH5yrIcBCHjkctCAh3mtWKcKd9J4vDDdeVHA==

ieee754@^1.1.12:
  version "1.1.13"
  resolved "https://registry.yarnpkg.com/ieee754/-/ieee754-1.1.13.tgz#ec168558e95aa181fd87d37f55c32bbcb6708b84"
  integrity sha512-4vf7I2LYV/HaWerSo3XmlMkp5eZ83i+/CDluXi/IGTs/O1sejBNhTtnxzmRZfvOUqj7lZjqHkeTvpgSFDlWZTg==

immediate@^3.2.3:
  version "3.2.3"
  resolved "https://registry.yarnpkg.com/immediate/-/immediate-3.2.3.tgz#d140fa8f614659bd6541233097ddaac25cdd991c"
  integrity sha1-0UD6j2FGWb1lQSMwl92qwlzdmRw=

inherits@^2.0.1, inherits@^2.0.3, inherits@~2.0.3:
  version "2.0.4"
  resolved "https://registry.yarnpkg.com/inherits/-/inherits-2.0.4.tgz#0fa2c64f932917c3433a0ded55363aae37416b7c"
  integrity sha512-k/vGaX4/Yla3WzyMCvTQOXYeIHvqOKtnqBduzTHpzpQZzAskKMhZ2K+EnBiSM9zGSoIFeMpXKxa4dYeZIQqewQ==

insert-css@^2.0.0:
  version "2.0.0"
  resolved "https://registry.yarnpkg.com/insert-css/-/insert-css-2.0.0.tgz#eb5d1097b7542f4c79ea3060d3aee07d053880f4"
  integrity sha1-610Ql7dUL0x56jBg067gfQU4gPQ=

isarray@^2.0.1:
  version "2.0.5"
  resolved "https://registry.yarnpkg.com/isarray/-/isarray-2.0.5.tgz#8af1e4c1221244cc62459faf38940d4e644a5723"
  integrity sha512-xHjhDr3cNBK0BzdUJSPXZntQUx/mwMS5Rw4A7lPJ90XGAO6ISP/ePDNuo0vhqOZU+UD5JoodwCAAoZQd3FeAKw==

isarray@~1.0.0:
  version "1.0.0"
  resolved "https://registry.yarnpkg.com/isarray/-/isarray-1.0.0.tgz#bb935d48582cba168c06834957a54a3e07124f11"
  integrity sha1-u5NdSFgsuhaMBoNJV6VKPgcSTxE=

kdbush@^3.0.0:
  version "3.0.0"
  resolved "https://registry.yarnpkg.com/kdbush/-/kdbush-3.0.0.tgz#f8484794d47004cc2d85ed3a79353dbe0abc2bf0"
  integrity sha512-hRkd6/XW4HTsA9vjVpY9tuXJYLSlelnkTmVFu4M9/7MIYQtFcHpbugAU7UbOfjOiVSVYl2fqgBuJ32JUmRo5Ew==

load-script@^1.0.0:
  version "1.0.0"
  resolved "https://registry.yarnpkg.com/load-script/-/load-script-1.0.0.tgz#0491939e0bee5643ee494a7e3da3d2bac70c6ca4"
  integrity sha1-BJGTngvuVkPuSUp+PaPSuscMbKQ=

mapbox-gl@^1.2.1:
  version "1.2.1"
  resolved "https://registry.yarnpkg.com/mapbox-gl/-/mapbox-gl-1.2.1.tgz#a91acb48e5ee57d40a09fa6b4c297e92690c5909"
  integrity sha512-CO7uhTYtcreDokGr3W2LifIdCtHz0TO/BqnRtO5rQ4Rvm8P7ndUM5ZWwZvJJmNnlkMpVwNKSESsKYX32GXHXoQ==
  dependencies:
    "@mapbox/geojson-rewind" "^0.4.0"
    "@mapbox/geojson-types" "^1.0.2"
    "@mapbox/jsonlint-lines-primitives" "^2.0.2"
    "@mapbox/mapbox-gl-supported" "^1.4.0"
    "@mapbox/point-geometry" "^0.1.0"
    "@mapbox/tiny-sdf" "^1.1.0"
    "@mapbox/unitbezier" "^0.0.0"
    "@mapbox/vector-tile" "^1.3.1"
    "@mapbox/whoots-js" "^3.1.0"
    csscolorparser "~1.0.2"
    earcut "^2.1.5"
    esm "~3.0.84"
    geojson-vt "^3.2.1"
    gl-matrix "^3.0.0"
    grid-index "^1.1.0"
    minimist "0.0.8"
    murmurhash-js "^1.0.0"
    pbf "^3.0.5"
    potpack "^1.0.1"
    quickselect "^2.0.0"
    rw "^1.3.3"
    supercluster "^6.0.1"
    tinyqueue "^2.0.0"
    vt-pbf "^3.1.1"

min-document@^2.19.0:
  version "2.19.0"
  resolved "https://registry.yarnpkg.com/min-document/-/min-document-2.19.0.tgz#7bd282e3f5842ed295bb748cdd9f1ffa2c824685"
  integrity sha1-e9KC4/WELtKVu3SM3Z8f+iyCRoU=
  dependencies:
    dom-walk "^0.1.0"

minimist@0.0.5:
  version "0.0.5"
  resolved "https://registry.yarnpkg.com/minimist/-/minimist-0.0.5.tgz#d7aa327bcecf518f9106ac6b8f003fa3bcea8566"
  integrity sha1-16oye87PUY+RBqxrjwA/o7zqhWY=

minimist@0.0.8:
  version "0.0.8"
  resolved "https://registry.yarnpkg.com/minimist/-/minimist-0.0.8.tgz#857fcabfc3397d2625b8228262e86aa7a011b05d"
  integrity sha1-hX/Kv8M5fSYluCKCYuhqp6ARsF0=

minimist@1.2.0:
  version "1.2.0"
  resolved "https://registry.yarnpkg.com/minimist/-/minimist-1.2.0.tgz#a35008b20f41383eec1fb914f4cd5df79a264284"
  integrity sha1-o1AIsg9BOD7sH7kU9M1d95omQoQ=

ms@2.0.0:
  version "2.0.0"
  resolved "https://registry.yarnpkg.com/ms/-/ms-2.0.0.tgz#5608aeadfc00be6c2901df5f9861788de0d597c8"
  integrity sha1-VgiurfwAvmwpAd9fmGF4jeDVl8g=

murmurhash-js@^1.0.0:
  version "1.0.0"
  resolved "https://registry.yarnpkg.com/murmurhash-js/-/murmurhash-js-1.0.0.tgz#b06278e21fc6c37fa5313732b0412bcb6ae15f51"
  integrity sha1-sGJ44h/Gw3+lMTcysEEry2rhX1E=

object-keys@^1.0.11, object-keys@^1.1.0:
  version "1.1.1"
  resolved "https://registry.yarnpkg.com/object-keys/-/object-keys-1.1.1.tgz#1c47f272df277f3b1daf061677d9c82e2322c60e"
  integrity sha512-NuAESUOUMrlIXOfHKzD6bpPu3tYt3xvjNdRIQ+FeT0lNb4K8WR70CaDxhuNguS2XG+GjkyMwOzsN5ZktImfhLA==

pbf@^3.0.5:
  version "3.2.0"
  resolved "https://registry.yarnpkg.com/pbf/-/pbf-3.2.0.tgz#e76f9f5114e395c25077ad6fe463b3507d6877fc"
  integrity sha512-98Eh7rsJNJF/Im6XYMLaOW3cLnNyedlOd6hu3iWMD5I7FZGgpw8yN3vQBrmLbLodu7G784Irb9Qsv2yFrxSAGw==
  dependencies:
    ieee754 "^1.1.12"
    resolve-protobuf-schema "^2.1.0"

places.js@^1.16.4:
  version "1.16.4"
  resolved "https://registry.yarnpkg.com/places.js/-/places.js-1.16.4.tgz#96616ce63dc675c2e60aa016633a03e9e43b2c86"
  integrity sha512-W0AMzQyy/SD5MS6DmDuIbXJXUJ/tuBidYLywOJwPCDBz+MowPOoRaallSWgt/QwiJFDFYCePMAGMVAfW+eO5Tg==
  dependencies:
    algolia-aerial "^1.5.3"
    algoliasearch "^3.31.0"
    autocomplete.js "^0.36.0"
    events "^3.0.0"
    insert-css "^2.0.0"

potpack@^1.0.1:
  version "1.0.1"
  resolved "https://registry.yarnpkg.com/potpack/-/potpack-1.0.1.tgz#d1b1afd89e4c8f7762865ec30bd112ab767e2ebf"
  integrity sha512-15vItUAbViaYrmaB/Pbw7z6qX2xENbFSTA7Ii4tgbPtasxm5v6ryKhKtL91tpWovDJzTiZqdwzhcFBCwiMVdVw==

process-nextick-args@~2.0.0:
  version "2.0.1"
  resolved "https://registry.yarnpkg.com/process-nextick-args/-/process-nextick-args-2.0.1.tgz#7820d9b16120cc55ca9ae7792680ae7dba6d7fe2"
  integrity sha512-3ouUOpQhtgrbOa17J7+uxOTpITYWaGP7/AhoR3+A+/1e9skrzelGi/dXzEYyvbxubEF6Wn2ypscTKiKJFFn1ag==

process@^0.11.10:
  version "0.11.10"
  resolved "https://registry.yarnpkg.com/process/-/process-0.11.10.tgz#7332300e840161bda3e69a1d1d91a7d4bc16f182"
  integrity sha1-czIwDoQBYb2j5podHZGn1LwW8YI=

protocol-buffers-schema@^3.3.1:
  version "3.3.2"
  resolved "https://registry.yarnpkg.com/protocol-buffers-schema/-/protocol-buffers-schema-3.3.2.tgz#00434f608b4e8df54c59e070efeefc37fb4bb859"
  integrity sha512-Xdayp8sB/mU+sUV4G7ws8xtYMGdQnxbeIfLjyO9TZZRJdztBGhlmbI5x1qcY4TG5hBkIKGnc28i7nXxaugu88w==

querystring-es3@^0.2.1:
  version "0.2.1"
  resolved "https://registry.yarnpkg.com/querystring-es3/-/querystring-es3-0.2.1.tgz#9ec61f79049875707d69414596fd907a4d711e73"
  integrity sha1-nsYfeQSYdXB9aUFFlv2Qek1xHnM=

quickselect@^2.0.0:
  version "2.0.0"
  resolved "https://registry.yarnpkg.com/quickselect/-/quickselect-2.0.0.tgz#f19680a486a5eefb581303e023e98faaf25dd018"
  integrity sha512-RKJ22hX8mHe3Y6wH/N3wCM6BWtjaxIyyUIkpHOvfFnxdI4yD4tBXEBKSbriGujF6jnSVkJrffuo6vxACiSSxIw==

readable-stream@^2.2.2:
  version "2.3.6"
  resolved "https://registry.yarnpkg.com/readable-stream/-/readable-stream-2.3.6.tgz#b11c27d88b8ff1fbe070643cf94b0c79ae1b0aaf"
  integrity sha512-tQtKA9WIAhBF3+VLAseyMqZeBjW0AHJoxOtYqSUZNJxauErmLbVm2FW1y+J/YA9dUrAC39ITejlZWhVIwawkKw==
  dependencies:
    core-util-is "~1.0.0"
    inherits "~2.0.3"
    isarray "~1.0.0"
    process-nextick-args "~2.0.0"
    safe-buffer "~5.1.1"
    string_decoder "~1.1.1"
    util-deprecate "~1.0.1"

redeyed@~0.4.0:
  version "0.4.4"
  resolved "https://registry.yarnpkg.com/redeyed/-/redeyed-0.4.4.tgz#37e990a6f2b21b2a11c2e6a48fd4135698cba97f"
  integrity sha1-N+mQpvKyGyoRwuakj9QTVpjLqX8=
  dependencies:
    esprima "~1.0.4"

reduce@^1.0.1:
  version "1.0.2"
  resolved "https://registry.yarnpkg.com/reduce/-/reduce-1.0.2.tgz#0cd680ad3ffe0b060e57a5c68bdfce37168d361b"
  integrity sha512-xX7Fxke/oHO5IfZSk77lvPa/7bjMh9BuCk4OOoX5XTXrM7s0Z+MkPfSDfz0q7r91BhhGSs8gii/VEN/7zhCPpQ==
  dependencies:
    object-keys "^1.1.0"

resolve-protobuf-schema@^2.1.0:
  version "2.1.0"
  resolved "https://registry.yarnpkg.com/resolve-protobuf-schema/-/resolve-protobuf-schema-2.1.0.tgz#9ca9a9e69cf192bbdaf1006ec1973948aa4a3758"
  integrity sha512-kI5ffTiZWmJaS/huM8wZfEMer1eRd7oJQhDuxeCLe3t7N7mX3z94CN0xPxBQxFYQTSNz9T0i+v6inKqSdK8xrQ==
  dependencies:
    protocol-buffers-schema "^3.3.1"

rw@^1.3.3:
  version "1.3.3"
  resolved "https://registry.yarnpkg.com/rw/-/rw-1.3.3.tgz#3f862dfa91ab766b14885ef4d01124bfda074fb4"
  integrity sha1-P4Yt+pGrdmsUiF700BEkv9oHT7Q=

safe-buffer@^5.0.1:
  version "5.2.0"
  resolved "https://registry.yarnpkg.com/safe-buffer/-/safe-buffer-5.2.0.tgz#b74daec49b1148f88c64b68d49b1e815c1f2f519"
  integrity sha512-fZEwUGbVl7kouZs1jCdMLdt95hdIv0ZeHg6L7qPeciMZhZ+/gdesW4wgTARkrFWEpspjEATAzUGPG8N2jJiwbg==

safe-buffer@~5.1.0, safe-buffer@~5.1.1:
  version "5.1.2"
  resolved "https://registry.yarnpkg.com/safe-buffer/-/safe-buffer-5.1.2.tgz#991ec69d296e0313747d59bdfd2b745c35f8828d"
  integrity sha512-Gd2UZBJDkXlY7GbJxfsE8/nvKkUEU1G38c1siN6QP6a9PT9MmHB8GnpscSmMJSoF8LOIrt8ud/wPtojys4G6+g==

semver@^5.1.0:
  version "5.7.1"
  resolved "https://registry.yarnpkg.com/semver/-/semver-5.7.1.tgz#a954f931aeba508d307bbf069eff0c01c96116f7"
  integrity sha512-sauaDf/PZdVgrLTNYHRtpXa1iRiKcaebiKQ1BJdpQlWH2lCvexQdX55snPFyK7QzpudqbCI0qXFfOasHdyNDGQ==

sharkdown@^0.1.0:
  version "0.1.1"
  resolved "https://registry.yarnpkg.com/sharkdown/-/sharkdown-0.1.1.tgz#64484bd0f08f347f8319e9ff947a670f6b48b1b2"
  integrity sha512-exwooSpmo5s45lrexgz6Q0rFQM574wYIX3iDZ7RLLqOb7IAoQZu9nxlZODU972g19sR69OIpKP2cpHTzU+PHIg==
  dependencies:
    cardinal "~0.4.2"
    minimist "0.0.5"
    split "~0.2.10"

split@~0.2.10:
  version "0.2.10"
  resolved "https://registry.yarnpkg.com/split/-/split-0.2.10.tgz#67097c601d697ce1368f418f06cd201cf0521a57"
  integrity sha1-Zwl8YB1pfOE2j0GPBs0gHPBSGlc=
  dependencies:
    through "2"

string_decoder@~1.1.1:
  version "1.1.1"
  resolved "https://registry.yarnpkg.com/string_decoder/-/string_decoder-1.1.1.tgz#9cf1611ba62685d7030ae9e4ba34149c3af03fc8"
  integrity sha512-n/ShnvDi6FHbbVfviro+WojiFzv+s8MPMHBczVePfUpDJLwoLT0ht1l4YwBCbi8pJAveEEdnkHyPyTP/mzRfwg==
  dependencies:
    safe-buffer "~5.1.0"

supercluster@^6.0.1:
  version "6.0.2"
  resolved "https://registry.yarnpkg.com/supercluster/-/supercluster-6.0.2.tgz#aa2eaae185ef97872f388c683ec29f6991721ee3"
  integrity sha512-aa0v2HURjBTOpbcknilcfxGDuArM8khklKSmZ/T8ZXL0BuRwb5aRw95lz+2bmWpFvCXDX/+FzqHxmg0TIaJErw==
  dependencies:
    kdbush "^3.0.0"

through@2, through@~2.3.4:
  version "2.3.8"
  resolved "https://registry.yarnpkg.com/through/-/through-2.3.8.tgz#0dd4c9ffaabc357960b1b724115d7e0e86a2e1f5"
  integrity sha1-DdTJ/6q8NXlgsbckEV1+Doai4fU=

tinyqueue@^2.0.0:
  version "2.0.3"
  resolved "https://registry.yarnpkg.com/tinyqueue/-/tinyqueue-2.0.3.tgz#64d8492ebf39e7801d7bd34062e29b45b2035f08"
  integrity sha512-ppJZNDuKGgxzkHihX8v9v9G5f+18gzaTfrukGrq6ueg0lmH4nqVnA2IPG0AEH3jKEk2GRJCUhDoqpoiw3PHLBA==

tunnel-agent@^0.6.0:
  version "0.6.0"
  resolved "https://registry.yarnpkg.com/tunnel-agent/-/tunnel-agent-0.6.0.tgz#27a5dea06b36b04a0a9966774b290868f0fc40fd"
  integrity sha1-J6XeoGs2sEoKmWZ3SykIaPD8QP0=
  dependencies:
    safe-buffer "^5.0.1"

typedarray@^0.0.6:
  version "0.0.6"
  resolved "https://registry.yarnpkg.com/typedarray/-/typedarray-0.0.6.tgz#867ac74e3864187b1d3d47d996a78ec5c8830777"
  integrity sha1-hnrHTjhkGHsdPUfZlqeOxciDB3c=

util-deprecate@~1.0.1:
  version "1.0.2"
  resolved "https://registry.yarnpkg.com/util-deprecate/-/util-deprecate-1.0.2.tgz#450d4dc9fa70de732762fbd2d4a28981419a0ccf"
  integrity sha1-RQ1Nyfpw3nMnYvvS1KKJgUGaDM8=

vt-pbf@^3.1.1:
  version "3.1.1"
  resolved "https://registry.yarnpkg.com/vt-pbf/-/vt-pbf-3.1.1.tgz#b0f627e39a10ce91d943b898ed2363d21899fb82"
  integrity sha512-pHjWdrIoxurpmTcbfBWXaPwSmtPAHS105253P1qyEfSTV2HJddqjM+kIHquaT/L6lVJIk9ltTGc0IxR/G47hYA==
  dependencies:
    "@mapbox/point-geometry" "0.1.0"
    "@mapbox/vector-tile" "^1.3.1"
    pbf "^3.0.5"

wgs84@0.0.0:
  version "0.0.0"
  resolved "https://registry.yarnpkg.com/wgs84/-/wgs84-0.0.0.tgz#34fdc555917b6e57cf2a282ed043710c049cdc76"
  integrity sha1-NP3FVZF7blfPKigu0ENxDASc3HY=
